
Microsoft Visual Studio Solution File, Format Version 12.00
# Visual Studio 15
VisualStudioVersion = 15.0.28307.329
MinimumVisualStudioVersion = 10.0.40219.1
Project("{FAE04EC0-301F-11D3-BF4B-00C04F79EFBC}") = "Avocado", "Avocado\Avocado.csproj", "{09DD1C4C-738E-4D39-B48D-51842598C24C}"
EndProject
Project("{FAE04EC0-301F-11D3-BF4B-00C04F79EFBC}") = "UnitTests", "UnitTests\UnitTests.csproj", "{2E02DF43-A8BA-4080-BB5F-6722056DB18F}"
EndProject
Global
	GlobalSection(SolutionConfigurationPlatforms) = preSolution
		Debug|Any CPU = Debug|Any CPU
		Release|Any CPU = Release|Any CPU
	EndGlobalSection
	GlobalSection(ProjectConfigurationPlatforms) = postSolution
		{09DD1C4C-738E-4D39-B48D-51842598C24C}.Debug|Any CPU.ActiveCfg = Debug|Any CPU
		{09DD1C4C-738E-4D39-B48D-51842598C24C}.Debug|Any CPU.Build.0 = Debug|Any CPU
		{09DD1C4C-738E-4D39-B48D-51842598C24C}.Release|Any CPU.ActiveCfg = Release|Any CPU
		{09DD1C4C-738E-4D39-B48D-51842598C24C}.Release|Any CPU.Build.0 = Release|Any CPU
		{2E02DF43-A8BA-4080-BB5F-6722056DB18F}.Debug|Any CPU.ActiveCfg = Debug|Any CPU
		{2E02DF43-A8BA-4080-BB5F-6722056DB18F}.Debug|Any CPU.Build.0 = Debug|Any CPU
		{2E02DF43-A8BA-4080-BB5F-6722056DB18F}.Release|Any CPU.ActiveCfg = Release|Any CPU
		{2E02DF43-A8BA-4080-BB5F-6722056DB18F}.Release|Any CPU.Build.0 = Release|Any CPU
	EndGlobalSection
	GlobalSection(SolutionProperties) = preSolution
		HideSolutionNode = FALSE
	EndGlobalSection
	GlobalSection(ExtensibilityGlobals) = postSolution
		SolutionGuid = {AE9166E6-D14D-465F-8ABC-EE74BF1924A4}
	EndGlobalSection
EndGlobal
